// !$*UTF8*$!
{
	archiveVersion = 1;
	classes = {
	};
	objectVersion = 50;
	objects = {

/* Begin PBXBuildFile section */
		54D2C8DB2847ED2E006D9EBE /* Entry.swift in Sources */ = {isa = PBXBuildFile; fileRef = 54D2C8DA2847ED2E006D9EBE /* Entry.swift */; };
		54D2C8DE2847EE0A006D9EBE /* EntryController.swift in Sources */ = {isa = PBXBuildFile; fileRef = 54D2C8DD2847EE0A006D9EBE /* EntryController.swift */; };
		54D2C8E12847F29E006D9EBE /* EntryListTableViewController.swift in Sources */ = {isa = PBXBuildFile; fileRef = 54D2C8E02847F29D006D9EBE /* EntryListTableViewController.swift */; };
		54D2C8E32847FA8F006D9EBE /* EntryDetailViewController.swift in Sources */ = {isa = PBXBuildFile; fileRef = 54D2C8E22847FA8F006D9EBE /* EntryDetailViewController.swift */; };
		7EDA120F259D233600BBD350 /* AppDelegate.swift in Sources */ = {isa = PBXBuildFile; fileRef = 7EDA120E259D233600BBD350 /* AppDelegate.swift */; };
		7EDA1211259D233600BBD350 /* SceneDelegate.swift in Sources */ = {isa = PBXBuildFile; fileRef = 7EDA1210259D233600BBD350 /* SceneDelegate.swift */; };
		7EDA1216259D233600BBD350 /* Main.storyboard in Resources */ = {isa = PBXBuildFile; fileRef = 7EDA1214259D233600BBD350 /* Main.storyboard */; };
		7EDA1218259D233700BBD350 /* Assets.xcassets in Resources */ = {isa = PBXBuildFile; fileRef = 7EDA1217259D233700BBD350 /* Assets.xcassets */; };
		7EDA121B259D233700BBD350 /* LaunchScreen.storyboard in Resources */ = {isa = PBXBuildFile; fileRef = 7EDA1219259D233700BBD350 /* LaunchScreen.storyboard */; };
/* End PBXBuildFile section */

/* Begin PBXFileReference section */
		54D2C8DA2847ED2E006D9EBE /* Entry.swift */ = {isa = PBXFileReference; lastKnownFileType = sourcecode.swift; path = Entry.swift; sourceTree = "<group>"; };
		54D2C8DD2847EE0A006D9EBE /* EntryController.swift */ = {isa = PBXFileReference; lastKnownFileType = sourcecode.swift; path = EntryController.swift; sourceTree = "<group>"; };
		54D2C8E02847F29D006D9EBE /* EntryListTableViewController.swift */ = {isa = PBXFileReference; lastKnownFileType = sourcecode.swift; path = EntryListTableViewController.swift; sourceTree = "<group>"; };
		54D2C8E22847FA8F006D9EBE /* EntryDetailViewController.swift */ = {isa = PBXFileReference; lastKnownFileType = sourcecode.swift; path = EntryDetailViewController.swift; sourceTree = "<group>"; };
		54D2C8E428484A6B006D9EBE /* README.md */ = {isa = PBXFileReference; lastKnownFileType = net.daringfireball.markdown; path = README.md; sourceTree = "<group>"; };
		7EDA120B259D233600BBD350 /* Journal.app */ = {isa = PBXFileReference; explicitFileType = wrapper.application; includeInIndex = 0; path = Journal.app; sourceTree = BUILT_PRODUCTS_DIR; };
		7EDA120E259D233600BBD350 /* AppDelegate.swift */ = {isa = PBXFileReference; lastKnownFileType = sourcecode.swift; path = AppDelegate.swift; sourceTree = "<group>"; };
		7EDA1210259D233600BBD350 /* SceneDelegate.swift */ = {isa = PBXFileReference; lastKnownFileType = sourcecode.swift; path = SceneDelegate.swift; sourceTree = "<group>"; };
		7EDA1215259D233600BBD350 /* Base */ = {isa = PBXFileReference; lastKnownFileType = file.storyboard; name = Base; path = Base.lproj/Main.storyboard; sourceTree = "<group>"; };
		7EDA1217259D233700BBD350 /* Assets.xcassets */ = {isa = PBXFileReference; lastKnownFileType = folder.assetcatalog; path = Assets.xcassets; sourceTree = "<group>"; };
		7EDA121A259D233700BBD350 /* Base */ = {isa = PBXFileReference; lastKnownFileType = file.storyboard; name = Base; path = Base.lproj/LaunchScreen.storyboard; sourceTree = "<group>"; };
		7EDA121C259D233700BBD350 /* Info.plist */ = {isa = PBXFileReference; lastKnownFileType = text.plist.xml; path = Info.plist; sourceTree = "<group>"; };
/* End PBXFileReference section */

/* Begin PBXFrameworksBuildPhase section */
		7EDA1208259D233600BBD350 /* Frameworks */ = {
			isa = PBXFrameworksBuildPhase;
			buildActionMask = 2147483647;
			files = (
			);
			runOnlyForDeploymentPostprocessing = 0;
		};
/* End PBXFrameworksBuildPhase section */

/* Begin PBXGroup section */
		546072E02857E0B000F60DF3 /* View Controllers */ = {
			isa = PBXGroup;
			children = (
				54D2C8E22847FA8F006D9EBE /* EntryDetailViewController.swift */,
				54D2C8E02847F29D006D9EBE /* EntryListTableViewController.swift */,
			);
			path = "View Controllers";
			sourceTree = "<group>";
		};
		54D2C8DC2847ED34006D9EBE /* Model */ = {
			isa = PBXGroup;
			children = (
				54D2C8DA2847ED2E006D9EBE /* Entry.swift */,
			);
			path = Model;
			sourceTree = "<group>";
		};
		54D2C8DF2847EE0F006D9EBE /* Model Controller */ = {
			isa = PBXGroup;
			children = (
				54D2C8DD2847EE0A006D9EBE /* EntryController.swift */,
			);
			path = "Model Controller";
			sourceTree = "<group>";
		};
		7EDA1202259D233600BBD350 = {
			isa = PBXGroup;
			children = (
				54D2C8E428484A6B006D9EBE /* README.md */,
				54D2C8DC2847ED34006D9EBE /* Model */,
				54D2C8DF2847EE0F006D9EBE /* Model Controller */,
				546072E02857E0B000F60DF3 /* View Controllers */,
				7EDA120D259D233600BBD350 /* Journal */,
				7EDA120C259D233600BBD350 /* Products */,
			);
			sourceTree = "<group>";
		};
		7EDA120C259D233600BBD350 /* Products */ = {
			isa = PBXGroup;
			children = (
				7EDA120B259D233600BBD350 /* Journal.app */,
			);
			name = Products;
			sourceTree = "<group>";
		};
		7EDA120D259D233600BBD350 /* Journal */ = {
			isa = PBXGroup;
			children = (
				7EDA1223259D234200BBD350 /* Resources */,
				7EDA1227259D237600BBD350 /* Storyboards */,
			);
			path = Journal;
			sourceTree = "<group>";
		};
		7EDA1223259D234200BBD350 /* Resources */ = {
			isa = PBXGroup;
			children = (
				7EDA120E259D233600BBD350 /* AppDelegate.swift */,
				7EDA1210259D233600BBD350 /* SceneDelegate.swift */,
				7EDA1217259D233700BBD350 /* Assets.xcassets */,
				7EDA121C259D233700BBD350 /* Info.plist */,
			);
			path = Resources;
			sourceTree = "<group>";
		};
		7EDA1227259D237600BBD350 /* Storyboards */ = {
			isa = PBXGroup;
			children = (
				7EDA1214259D233600BBD350 /* Main.storyboard */,
				7EDA1219259D233700BBD350 /* LaunchScreen.storyboard */,
			);
			path = Storyboards;
			sourceTree = "<group>";
		};
/* End PBXGroup section */

/* Begin PBXNativeTarget section */
		7EDA120A259D233600BBD350 /* Journal */ = {
			isa = PBXNativeTarget;
			buildConfigurationList = 7EDA121F259D233700BBD350 /* Build configuration list for PBXNativeTarget "Journal" */;
			buildPhases = (
				7EDA1207259D233600BBD350 /* Sources */,
				7EDA1208259D233600BBD350 /* Frameworks */,
				7EDA1209259D233600BBD350 /* Resources */,
			);
			buildRules = (
			);
			dependencies = (
			);
			name = Journal;
			productName = Journal;
			productReference = 7EDA120B259D233600BBD350 /* Journal.app */;
			productType = "com.apple.product-type.application";
		};
/* End PBXNativeTarget section */

/* Begin PBXProject section */
		7EDA1203259D233600BBD350 /* Project object */ = {
			isa = PBXProject;
			attributes = {
				LastSwiftUpdateCheck = 1230;
				LastUpgradeCheck = 1230;
				TargetAttributes = {
					7EDA120A259D233600BBD350 = {
						CreatedOnToolsVersion = 12.3;
					};
				};
			};
			buildConfigurationList = 7EDA1206259D233600BBD350 /* Build configuration list for PBXProject "Journal" */;
			compatibilityVersion = "Xcode 9.3";
			developmentRegion = en;
			hasScannedForEncodings = 0;
			knownRegions = (
				en,
				Base,
			);
			mainGroup = 7EDA1202259D233600BBD350;
			productRefGroup = 7EDA120C259D233600BBD350 /* Products */;
			projectDirPath = "";
			projectRoot = "";
			targets = (
				7EDA120A259D233600BBD350 /* Journal */,
			);
		};
/* End PBXProject section */

/* Begin PBXResourcesBuildPhase section */
		7EDA1209259D233600BBD350 /* Resources */ = {
			isa = PBXResourcesBuildPhase;
			buildActionMask = 2147483647;
			files = (
				7EDA121B259D233700BBD350 /* LaunchScreen.storyboard in Resources */,
				7EDA1218259D233700BBD350 /* Assets.xcassets in Resources */,
				7EDA1216259D233600BBD350 /* Main.storyboard in Resources */,
			);
			runOnlyForDeploymentPostprocessing = 0;
		};
/* End PBXResourcesBuildPhase section */

/* Begin PBXSourcesBuildPhase section */
		7EDA1207259D233600BBD350 /* Sources */ = {
			isa = PBXSourcesBuildPhase;
			buildActionMask = 2147483647;
			files = (
				54D2C8DB2847ED2E006D9EBE /* Entry.swift in Sources */,
				54D2C8E12847F29E006D9EBE /* EntryListTableViewController.swift in Sources */,
				7EDA120F259D233600BBD350 /* AppDelegate.swift in Sources */,
				54D2C8DE2847EE0A006D9EBE /* EntryController.swift in Sources */,
				54D2C8E32847FA8F006D9EBE /* EntryDetailViewController.swift in Sources */,
				7EDA1211259D233600BBD350 /* SceneDelegate.swift in Sources */,
			);
			runOnlyForDeploymentPostprocessing = 0;
		};
/* End PBXSourcesBuildPhase section */

/* Begin PBXVariantGroup section */
		7EDA1214259D233600BBD350 /* Main.storyboard */ = {
			isa = PBXVariantGroup;
			children = (
				7EDA1215259D233600BBD350 /* Base */,
			);
			name = Main.storyboard;
			sourceTree = "<group>";
		};
		7EDA1219259D233700BBD350 /* LaunchScreen.storyboard */ = {
			isa = PBXVariantGroup;
			children = (
				7EDA121A259D233700BBD350 /* Base */,
			);
			name = LaunchScreen.storyboard;
			sourceTree = "<group>";
		};
/* End PBXVariantGroup section */

/* Begin XCBuildConfiguration section */
		7EDA121D259D233700BBD350 /* Debug */ = {
			isa = XCBuildConfiguration;
			buildSettings = {
				ALWAYS_SEARCH_USER_PATHS = NO;
				CLANG_ANALYZER_NONNULL = YES;
				CLANG_ANALYZER_NUMBER_OBJECT_CONVERSION = YES_AGGRESSIVE;
				CLANG_CXX_LANGUAGE_STANDARD = "gnu++14";
				CLANG_CXX_LIBRARY = "libc++";
				CLANG_ENABLE_MODULES = YES;
				CLANG_ENABLE_OBJC_ARC = YES;
				CLANG_ENABLE_OBJC_WEAK = YES;
				CLANG_WARN_BLOCK_CAPTURE_AUTORELEASING = YES;
				CLANG_WARN_BOOL_CONVERSION = YES;
				CLANG_WARN_COMMA = YES;
				CLANG_WARN_CONSTANT_CONVERSION = YES;
				CLANG_WARN_DEPRECATED_OBJC_IMPLEMENTATIONS = YES;
				CLANG_WARN_DIRECT_OBJC_ISA_USAGE = YES_ERROR;
				CLANG_WARN_DOCUMENTATION_COMMENTS = YES;
				CLANG_WARN_EMPTY_BODY = YES;
				CLANG_WARN_ENUM_CONVERSION = YES;
				CLANG_WARN_INFINITE_RECURSION = YES;
				CLANG_WARN_INT_CONVERSION = YES;
				CLANG_WARN_NON_LITERAL_NULL_CONVERSION = YES;
				CLANG_WARN_OBJC_IMPLICIT_RETAIN_SELF = YES;
				CLANG_WARN_OBJC_LITERAL_CONVERSION = YES;
				CLANG_WARN_OBJC_ROOT_CLASS = YES_ERROR;
				CLANG_WARN_QUOTED_INCLUDE_IN_FRAMEWORK_HEADER = YES;
				CLANG_WARN_RANGE_LOOP_ANALYSIS = YES;
				CLANG_WARN_STRICT_PROTOTYPES = YES;
				CLANG_WARN_SUSPICIOUS_MOVE = YES;
				CLANG_WARN_UNGUARDED_AVAILABILITY = YES_AGGRESSIVE;
				CLANG_WARN_UNREACHABLE_CODE = YES;
				CLANG_WARN__DUPLICATE_METHOD_MATCH = YES;
				COPY_PHASE_STRIP = NO;
				DEBUG_INFORMATION_FORMAT = dwarf;
				ENABLE_STRICT_OBJC_MSGSEND = YES;
				ENABLE_TESTABILITY = YES;
				GCC_C_LANGUAGE_STANDARD = gnu11;
				GCC_DYNAMIC_NO_PIC = NO;
				GCC_NO_COMMON_BLOCKS = YES;
				GCC_OPTIMIZATION_LEVEL = 0;
				GCC_PREPROCESSOR_DEFINITIONS = (
					"DEBUG=1",
					"$(inherited)",
				);
				GCC_WARN_64_TO_32_BIT_CONVERSION = YES;
				GCC_WARN_ABOUT_RETURN_TYPE = YES_ERROR;
				GCC_WARN_UNDECLARED_SELECTOR = YES;
				GCC_WARN_UNINITIALIZED_AUTOS = YES_AGGRESSIVE;
				GCC_WARN_UNUSED_FUNCTION = YES;
				GCC_WARN_UNUSED_VARIABLE = YES;
				IPHONEOS_DEPLOYMENT_TARGET = 14.3;
				MTL_ENABLE_DEBUG_INFO = INCLUDE_SOURCE;
				MTL_FAST_MATH = YES;
				ONLY_ACTIVE_ARCH = YES;
				SDKROOT = iphoneos;
				SWIFT_ACTIVE_COMPILATION_CONDITIONS = DEBUG;
				SWIFT_OPTIMIZATION_LEVEL = "-Onone";
			};
			name = Debug;
		};
		7EDA121E259D233700BBD350 /* Release */ = {
			isa = XCBuildConfiguration;
			buildSettings = {
				ALWAYS_SEARCH_USER_PATHS = NO;
				CLANG_ANALYZER_NONNULL = YES;
				CLANG_ANALYZER_NUMBER_OBJECT_CONVERSION = YES_AGGRESSIVE;
				CLANG_CXX_LANGUAGE_STANDARD = "gnu++14";
				CLANG_CXX_LIBRARY = "libc++";
				CLANG_ENABLE_MODULES = YES;
				CLANG_ENABLE_OBJC_ARC = YES;
				CLANG_ENABLE_OBJC_WEAK = YES;
				CLANG_WARN_BLOCK_CAPTURE_AUTORELEASING = YES;
				CLANG_WARN_BOOL_CONVERSION = YES;
				CLANG_WARN_COMMA = YES;
				CLANG_WARN_CONSTANT_CONVERSION = YES;
				CLANG_WARN_DEPRECATED_OBJC_IMPLEMENTATIONS = YES;
				CLANG_WARN_DIRECT_OBJC_ISA_USAGE = YES_ERROR;
				CLANG_WARN_DOCUMENTATION_COMMENTS = YES;
				CLANG_WARN_EMPTY_BODY = YES;
				CLANG_WARN_ENUM_CONVERSION = YES;
				CLANG_WARN_INFINITE_RECURSION = YES;
				CLANG_WARN_INT_CONVERSION = YES;
				CLANG_WARN_NON_LITERAL_NULL_CONVERSION = YES;
				CLANG_WARN_OBJC_IMPLICIT_RETAIN_SELF = YES;
				CLANG_WARN_OBJC_LITERAL_CONVERSION = YES;
				CLANG_WARN_OBJC_ROOT_CLASS = YES_ERROR;
				CLANG_WARN_QUOTED_INCLUDE_IN_FRAMEWORK_HEADER = YES;
				CLANG_WARN_RANGE_LOOP_ANALYSIS = YES;
				CLANG_WARN_STRICT_PROTOTYPES = YES;
				CLANG_WARN_SUSPICIOUS_MOVE = YES;
				CLANG_WARN_UNGUARDED_AVAILABILITY = YES_AGGRESSIVE;
				CLANG_WARN_UNREACHABLE_CODE = YES;
				CLANG_WARN__DUPLICATE_METHOD_MATCH = YES;
				COPY_PHASE_STRIP = NO;
				DEBUG_INFORMATION_FORMAT = "dwarf-with-dsym";
				ENABLE_NS_ASSERTIONS = NO;
				ENABLE_STRICT_OBJC_MSGSEND = YES;
				GCC_C_LANGUAGE_STANDARD = gnu11;
				GCC_NO_COMMON_BLOCKS = YES;
				GCC_WARN_64_TO_32_BIT_CONVERSION = YES;
				GCC_WARN_ABOUT_RETURN_TYPE = YES_ERROR;
				GCC_WARN_UNDECLARED_SELECTOR = YES;
				GCC_WARN_UNINITIALIZED_AUTOS = YES_AGGRESSIVE;
				GCC_WARN_UNUSED_FUNCTION = YES;
				GCC_WARN_UNUSED_VARIABLE = YES;
				IPHONEOS_DEPLOYMENT_TARGET = 14.3;
				MTL_ENABLE_DEBUG_INFO = NO;
				MTL_FAST_MATH = YES;
				SDKROOT = iphoneos;
				SWIFT_COMPILATION_MODE = wholemodule;
				SWIFT_OPTIMIZATION_LEVEL = "-O";
				VALIDATE_PRODUCT = YES;
			};
			name = Release;
		};
		7EDA1220259D233700BBD350 /* Debug */ = {
			isa = XCBuildConfiguration;
			buildSettings = {
				ASSETCATALOG_COMPILER_APPICON_NAME = AppIcon;
				ASSETCATALOG_COMPILER_GLOBAL_ACCENT_COLOR_NAME = AccentColor;
				CODE_SIGN_STYLE = Automatic;
				DEVELOPMENT_TEAM = KMTDCPCY5V;
				INFOPLIST_FILE = Journal/Resources/Info.plist;
				LD_RUNPATH_SEARCH_PATHS = (
					"$(inherited)",
					"@executable_path/Frameworks",
				);
				PRODUCT_BUNDLE_IDENTIFIER = com.CameronStuart.Journal;
				PRODUCT_NAME = "$(TARGET_NAME)";
				SWIFT_VERSION = 5.0;
				TARGETED_DEVICE_FAMILY = "1,2";
			};
			name = Debug;
		};
		7EDA1221259D233700BBD350 /* Release */ = {
			isa = XCBuildConfiguration;
			buildSettings = {
				ASSETCATALOG_COMPILER_APPICON_NAME = AppIcon;
				ASSETCATALOG_COMPILER_GLOBAL_ACCENT_COLOR_NAME = AccentColor;
				CODE_SIGN_STYLE = Automatic;
				DEVELOPMENT_TEAM = KMTDCPCY5V;
				INFOPLIST_FILE = Journal/Resources/Info.plist;
				LD_RUNPATH_SEARCH_PATHS = (
					"$(inherited)",
					"@executable_path/Frameworks",
				);
				PRODUCT_BUNDLE_IDENTIFIER = com.CameronStuart.Journal;
				PRODUCT_NAME = "$(TARGET_NAME)";
				SWIFT_VERSION = 5.0;
				TARGETED_DEVICE_FAMILY = "1,2";
			};
			name = Release;
		};
/* End XCBuildConfiguration section */

/* Begin XCConfigurationList section */
		7EDA1206259D233600BBD350 /* Build configuration list for PBXProject "Journal" */ = {
			isa = XCConfigurationList;
			buildConfigurations = (
				7EDA121D259D233700BBD350 /* Debug */,
				7EDA121E259D233700BBD350 /* Release */,
			);
			defaultConfigurationIsVisible = 0;
			defaultConfigurationName = Release;
		};
		7EDA121F259D233700BBD350 /* Build configuration list for PBXNativeTarget "Journal" */ = {
			isa = XCConfigurationList;
			buildConfigurations = (
				7EDA1220259D233700BBD350 /* Debug */,
				7EDA1221259D233700BBD350 /* Release */,
			);
			defaultConfigurationIsVisible = 0;
			defaultConfigurationName = Release;
		};
/* End XCConfigurationList section */
	};
	rootObject = 7EDA1203259D233600BBD350 /* Project object */;
}
